
Microsoft Visual Studio Solution File, Format Version 12.00
Project("{FAE04EC0-301F-11D3-BF4B-00C04F79EFBC}") = "YellowBelt", "YellowBelt\YellowBelt.csproj", "{2A89C163-6237-4A16-BDDA-689DC47950EE}"
EndProject
Project("{FAE04EC0-301F-11D3-BF4B-00C04F79EFBC}") = "1. Mini-Kata 5 - Simple Methods", "1. Mini-Kata 5 - Simple Methods\1. Mini-Kata 5 - Simple Methods.csproj", "{33129477-8FDF-4473-896B-EC86F77B6FA9}"
EndProject
Project("{FAE04EC0-301F-11D3-BF4B-00C04F79EFBC}") = "2. Kata 5 - Methods and Parameters", "2. Kata 5 - Methods and Parameters\2. Kata 5 - Methods and Parameters.csproj", "{87958148-038F-4644-B610-6F2E1B634CF2}"
EndProject
Project("{FAE04EC0-301F-11D3-BF4B-00C04F79EFBC}") = "3. Mini-Kata 6 - Arrays and Lists Practice", "3. Mini-Kata 6 - Arrays and Lists Practice\3. Mini-Kata 6 - Arrays and Lists Practice.csproj", "{A28E17EF-2B0B-4AF8-BEF7-E0A75BB05738}"
EndProject
Project("{FAE04EC0-301F-11D3-BF4B-00C04F79EFBC}") = "4. Kata 6 - Arrays and Lists", "4. Kata 6 - Arrays and Lists\4. Kata 6 - Arrays and Lists.csproj", "{7499FA9B-AF22-49F9-9D1C-442ABB0ED683}"
EndProject
Project("{FAE04EC0-301F-11D3-BF4B-00C04F79EFBC}") = "5. Mini-Kata 7 - Object Instantiation", "5. Mini-Kata 7 - Object Instantiation\5. Mini-Kata 7 - Object Instantiation.csproj", "{47EE4E0F-C47E-4EDA-8806-75FC07949F6B}"
EndProject
Project("{FAE04EC0-301F-11D3-BF4B-00C04F79EFBC}") = "Kata 7 - Classes and Objects", "Kata 7 - Classes and Objects\Kata 7 - Classes and Objects.csproj", "{4A6F5BC9-0628-45BE-AC69-E4F911AF2ED6}"
EndProject
Project("{FAE04EC0-301F-11D3-BF4B-00C04F79EFBC}") = "Kata 8 - Encapsulation and Access Modifiers", "Kata 8 - Encapsulation and Access Modifiers\Kata 8 - Encapsulation and Access Modifiers.csproj", "{4CDB5392-1AB7-4AEA-AB10-01E070A48F2F}"
EndProject
Project("{FAE04EC0-301F-11D3-BF4B-00C04F79EFBC}") = "Kata 9 - Object Instantiation with Additional Classes", "Kata 9 - Object Instantiation with Additional Classes\Kata 9 - Object Instantiation with Additional Classes.csproj", "{D365E3BC-4D98-46CE-8D54-B88C870B82E5}"
EndProject
Project("{FAE04EC0-301F-11D3-BF4B-00C04F79EFBC}") = "Kata 10 - Extracting Interfaces to Reduce Code Duplication", "Kata 10 - Extracting Interfaces to Reduce Code Duplication\Kata 10 - Extracting Interfaces to Reduce Code Duplication.csproj", "{2EBDDD3B-7EAA-4D06-BDDA-F5D78A66592A}"
EndProject
Project("{FAE04EC0-301F-11D3-BF4B-00C04F79EFBC}") = "ExamKata", "ExamKata\ExamKata.csproj", "{E2AEED4C-D015-452C-9D01-13B4364170E4}"
EndProject
Global
	GlobalSection(SolutionConfigurationPlatforms) = preSolution
		Debug|Any CPU = Debug|Any CPU
		Release|Any CPU = Release|Any CPU
	EndGlobalSection
	GlobalSection(ProjectConfigurationPlatforms) = postSolution
		{2A89C163-6237-4A16-BDDA-689DC47950EE}.Debug|Any CPU.ActiveCfg = Debug|Any CPU
		{2A89C163-6237-4A16-BDDA-689DC47950EE}.Debug|Any CPU.Build.0 = Debug|Any CPU
		{2A89C163-6237-4A16-BDDA-689DC47950EE}.Release|Any CPU.ActiveCfg = Release|Any CPU
		{2A89C163-6237-4A16-BDDA-689DC47950EE}.Release|Any CPU.Build.0 = Release|Any CPU
		{33129477-8FDF-4473-896B-EC86F77B6FA9}.Debug|Any CPU.ActiveCfg = Debug|Any CPU
		{33129477-8FDF-4473-896B-EC86F77B6FA9}.Debug|Any CPU.Build.0 = Debug|Any CPU
		{33129477-8FDF-4473-896B-EC86F77B6FA9}.Release|Any CPU.ActiveCfg = Release|Any CPU
		{33129477-8FDF-4473-896B-EC86F77B6FA9}.Release|Any CPU.Build.0 = Release|Any CPU
		{87958148-038F-4644-B610-6F2E1B634CF2}.Debug|Any CPU.ActiveCfg = Debug|Any CPU
		{87958148-038F-4644-B610-6F2E1B634CF2}.Debug|Any CPU.Build.0 = Debug|Any CPU
		{87958148-038F-4644-B610-6F2E1B634CF2}.Release|Any CPU.ActiveCfg = Release|Any CPU
		{87958148-038F-4644-B610-6F2E1B634CF2}.Release|Any CPU.Build.0 = Release|Any CPU
		{A28E17EF-2B0B-4AF8-BEF7-E0A75BB05738}.Debug|Any CPU.ActiveCfg = Debug|Any CPU
		{A28E17EF-2B0B-4AF8-BEF7-E0A75BB05738}.Debug|Any CPU.Build.0 = Debug|Any CPU
		{A28E17EF-2B0B-4AF8-BEF7-E0A75BB05738}.Release|Any CPU.ActiveCfg = Release|Any CPU
		{A28E17EF-2B0B-4AF8-BEF7-E0A75BB05738}.Release|Any CPU.Build.0 = Release|Any CPU
		{7499FA9B-AF22-49F9-9D1C-442ABB0ED683}.Debug|Any CPU.ActiveCfg = Debug|Any CPU
		{7499FA9B-AF22-49F9-9D1C-442ABB0ED683}.Debug|Any CPU.Build.0 = Debug|Any CPU
		{7499FA9B-AF22-49F9-9D1C-442ABB0ED683}.Release|Any CPU.ActiveCfg = Release|Any CPU
		{7499FA9B-AF22-49F9-9D1C-442ABB0ED683}.Release|Any CPU.Build.0 = Release|Any CPU
		{47EE4E0F-C47E-4EDA-8806-75FC07949F6B}.Debug|Any CPU.ActiveCfg = Debug|Any CPU
		{47EE4E0F-C47E-4EDA-8806-75FC07949F6B}.Debug|Any CPU.Build.0 = Debug|Any CPU
		{47EE4E0F-C47E-4EDA-8806-75FC07949F6B}.Release|Any CPU.ActiveCfg = Release|Any CPU
		{47EE4E0F-C47E-4EDA-8806-75FC07949F6B}.Release|Any CPU.Build.0 = Release|Any CPU
		{4A6F5BC9-0628-45BE-AC69-E4F911AF2ED6}.Debug|Any CPU.ActiveCfg = Debug|Any CPU
		{4A6F5BC9-0628-45BE-AC69-E4F911AF2ED6}.Debug|Any CPU.Build.0 = Debug|Any CPU
		{4A6F5BC9-0628-45BE-AC69-E4F911AF2ED6}.Release|Any CPU.ActiveCfg = Release|Any CPU
		{4A6F5BC9-0628-45BE-AC69-E4F911AF2ED6}.Release|Any CPU.Build.0 = Release|Any CPU
		{4CDB5392-1AB7-4AEA-AB10-01E070A48F2F}.Debug|Any CPU.ActiveCfg = Debug|Any CPU
		{4CDB5392-1AB7-4AEA-AB10-01E070A48F2F}.Debug|Any CPU.Build.0 = Debug|Any CPU
		{4CDB5392-1AB7-4AEA-AB10-01E070A48F2F}.Release|Any CPU.ActiveCfg = Release|Any CPU
		{4CDB5392-1AB7-4AEA-AB10-01E070A48F2F}.Release|Any CPU.Build.0 = Release|Any CPU
		{D365E3BC-4D98-46CE-8D54-B88C870B82E5}.Debug|Any CPU.ActiveCfg = Debug|Any CPU
		{D365E3BC-4D98-46CE-8D54-B88C870B82E5}.Debug|Any CPU.Build.0 = Debug|Any CPU
		{D365E3BC-4D98-46CE-8D54-B88C870B82E5}.Release|Any CPU.ActiveCfg = Release|Any CPU
		{D365E3BC-4D98-46CE-8D54-B88C870B82E5}.Release|Any CPU.Build.0 = Release|Any CPU
		{2EBDDD3B-7EAA-4D06-BDDA-F5D78A66592A}.Debug|Any CPU.ActiveCfg = Debug|Any CPU
		{2EBDDD3B-7EAA-4D06-BDDA-F5D78A66592A}.Debug|Any CPU.Build.0 = Debug|Any CPU
		{2EBDDD3B-7EAA-4D06-BDDA-F5D78A66592A}.Release|Any CPU.ActiveCfg = Release|Any CPU
		{2EBDDD3B-7EAA-4D06-BDDA-F5D78A66592A}.Release|Any CPU.Build.0 = Release|Any CPU
		{E2AEED4C-D015-452C-9D01-13B4364170E4}.Debug|Any CPU.ActiveCfg = Debug|Any CPU
		{E2AEED4C-D015-452C-9D01-13B4364170E4}.Debug|Any CPU.Build.0 = Debug|Any CPU
		{E2AEED4C-D015-452C-9D01-13B4364170E4}.Release|Any CPU.ActiveCfg = Release|Any CPU
		{E2AEED4C-D015-452C-9D01-13B4364170E4}.Release|Any CPU.Build.0 = Release|Any CPU
	EndGlobalSection
EndGlobal
